
Microsoft Visual Studio Solution File, Format Version 12.00
# Visual Studio Version 17
VisualStudioVersion = 17.10.35027.167
MinimumVisualStudioVersion = 10.0.40219.1
Project("{FAE04EC0-301F-11D3-BF4B-00C04F79EFBC}") = "AgentRestVM", "AgentRestVM\AgentRestVM.csproj", "{4A4932F2-211E-4E6B-8A98-057A35131C85}"
EndProject
Global
	GlobalSection(SolutionConfigurationPlatforms) = preSolution
		Debug|Any CPU = Debug|Any CPU
		Release|Any CPU = Release|Any CPU
	EndGlobalSection
	GlobalSection(ProjectConfigurationPlatforms) = postSolution
		{4A4932F2-211E-4E6B-8A98-057A35131C85}.Debug|Any CPU.ActiveCfg = Debug|Any CPU
		{4A4932F2-211E-4E6B-8A98-057A35131C85}.Debug|Any CPU.Build.0 = Debug|Any CPU
		{4A4932F2-211E-4E6B-8A98-057A35131C85}.Release|Any CPU.ActiveCfg = Release|Any CPU
		{4A4932F2-211E-4E6B-8A98-057A35131C85}.Release|Any CPU.Build.0 = Release|Any CPU
	EndGlobalSection
	GlobalSection(SolutionProperties) = preSolution
		HideSolutionNode = FALSE
	EndGlobalSection
	GlobalSection(ExtensibilityGlobals) = postSolution
		SolutionGuid = {977A6CE9-8502-4AE9-8AC4-8C45D74D86BD}
	EndGlobalSection
EndGlobal
